version: 1
block: alu_b3_clock
instances:
  - ref: U_CLK_OSC
    part: OSC_4M
    pins:
      OUT: net_osc
      VCC: pwr_vcc
      GND: pwr_gnd
  - ref: U_CLK_74
    part: 74HC74
    pins:
      1CP: net_osc
      1D: net_clk2_n
      1Q: net_clk2
      1QN: net_clk2_n
      1RD: pwr_vcc
      1SD: pwr_vcc
      VCC: pwr_vcc
      GND: pwr_gnd
  - ref: U_ALU_283_LO
    part: 74HC283
    pins:
      A0: net_a0
      B0: net_b_add0
      A1: net_a1
      B1: net_b_add1
      A2: net_a2
      B2: net_b_add2
      A3: net_a3
      B3: net_b_add3
      C0: net_cin
      S0: net_sum0
      S1: net_sum1
      S2: net_sum2
      S3: net_sum3
      C4: net_c_lo
      VCC: pwr_vcc
      GND: pwr_gnd
  - ref: U_ALU_283_HI
    part: 74HC283
    pins:
      A0: net_a4
      B0: net_b_add4
      A1: net_a5
      B1: net_b_add5
      A2: net_a6
      B2: net_b_add6
      A3: net_a7
      B3: net_b_add7
      C0: net_c_lo
      S0: net_sum4
      S1: net_sum5
      S2: net_sum6
      S3: net_sum7
      C4: net_c_hi
      VCC: pwr_vcc
      GND: pwr_gnd
  - ref: U_ALU_04_BINV_0
    part: 74HC04
    pins:
      A: net_b0
      Y: net_b_inv0
      VCC: pwr_vcc
      GND: pwr_gnd
  - ref: U_ALU_04_BINV_1
    part: 74HC04
    pins:
      A: net_b1
      Y: net_b_inv1
      VCC: pwr_vcc
      GND: pwr_gnd
  - ref: U_ALU_04_BINV_2
    part: 74HC04
    pins:
      A: net_b2
      Y: net_b_inv2
      VCC: pwr_vcc
      GND: pwr_gnd
  - ref: U_ALU_04_BINV_3
    part: 74HC04
    pins:
      A: net_b3
      Y: net_b_inv3
      VCC: pwr_vcc
      GND: pwr_gnd
  - ref: U_ALU_04_BINV_4
    part: 74HC04
    pins:
      A: net_b4
      Y: net_b_inv4
      VCC: pwr_vcc
      GND: pwr_gnd
  - ref: U_ALU_04_BINV_5
    part: 74HC04
    pins:
      A: net_b5
      Y: net_b_inv5
      VCC: pwr_vcc
      GND: pwr_gnd
  - ref: U_ALU_04_BINV_6
    part: 74HC04
    pins:
      A: net_b6
      Y: net_b_inv6
      VCC: pwr_vcc
      GND: pwr_gnd
  - ref: U_ALU_04_BINV_7
    part: 74HC04
    pins:
      A: net_b7
      Y: net_b_inv7
      VCC: pwr_vcc
      GND: pwr_gnd
  - ref: U_ALU_153_B_0
    part: 74HC153
    pins:
      1C0: net_b0
      1C1: net_b_inv0
      1C2: pwr_vcc
      1C3: pwr_vcc
      1G: pwr_gnd
      1Y: net_b_add0
      2C0: net_b1
      2C1: net_b_inv1
      2C2: pwr_gnd
      2C3: pwr_vcc
      2G: pwr_gnd
      2Y: net_b_add1
      A: net_b_sel
      B: net_b_const_sel
      VCC: pwr_vcc
      GND: pwr_gnd
  - ref: U_ALU_153_B_1
    part: 74HC153
    pins:
      1C0: net_b2
      1C1: net_b_inv2
      1C2: pwr_gnd
      1C3: pwr_vcc
      1G: pwr_gnd
      1Y: net_b_add2
      2C0: net_b3
      2C1: net_b_inv3
      2C2: pwr_gnd
      2C3: pwr_vcc
      2G: pwr_gnd
      2Y: net_b_add3
      A: net_b_sel
      B: net_b_const_sel
      VCC: pwr_vcc
      GND: pwr_gnd
  - ref: U_ALU_153_B_2
    part: 74HC153
    pins:
      1C0: net_b4
      1C1: net_b_inv4
      1C2: pwr_gnd
      1C3: pwr_vcc
      1G: pwr_gnd
      1Y: net_b_add4
      2C0: net_b5
      2C1: net_b_inv5
      2C2: pwr_gnd
      2C3: pwr_vcc
      2G: pwr_gnd
      2Y: net_b_add5
      A: net_b_sel
      B: net_b_const_sel
      VCC: pwr_vcc
      GND: pwr_gnd
  - ref: U_ALU_153_B_3
    part: 74HC153
    pins:
      1C0: net_b6
      1C1: net_b_inv6
      1C2: pwr_gnd
      1C3: pwr_vcc
      1G: pwr_gnd
      1Y: net_b_add6
      2C0: net_b7
      2C1: net_b_inv7
      2C2: pwr_gnd
      2C3: pwr_vcc
      2G: pwr_gnd
      2Y: net_b_add7
      A: net_b_sel
      B: net_b_const_sel
      VCC: pwr_vcc
      GND: pwr_gnd
  - ref: U_ALU_153_L_0
    part: ALU_153_SLICE
    pins:
      A: net_a0
      B: net_b0
      C0: net_lgc0
      C1: net_lgc1
      C2: net_lgc2
      C3: net_lgc3
      G: pwr_gnd
      Y: net_y_logic0
  - ref: U_ALU_153_L_1
    part: ALU_153_SLICE
    pins:
      A: net_a1
      B: net_b1
      C0: net_lgc0
      C1: net_lgc1
      C2: net_lgc2
      C3: net_lgc3
      G: pwr_gnd
      Y: net_y_logic1
  - ref: U_ALU_153_L_2
    part: ALU_153_SLICE
    pins:
      A: net_a2
      B: net_b2
      C0: net_lgc0
      C1: net_lgc1
      C2: net_lgc2
      C3: net_lgc3
      G: pwr_gnd
      Y: net_y_logic2
  - ref: U_ALU_153_L_3
    part: ALU_153_SLICE
    pins:
      A: net_a3
      B: net_b3
      C0: net_lgc0
      C1: net_lgc1
      C2: net_lgc2
      C3: net_lgc3
      G: pwr_gnd
      Y: net_y_logic3
  - ref: U_ALU_153_L_4
    part: ALU_153_SLICE
    pins:
      A: net_a4
      B: net_b4
      C0: net_lgc0
      C1: net_lgc1
      C2: net_lgc2
      C3: net_lgc3
      G: pwr_gnd
      Y: net_y_logic4
  - ref: U_ALU_153_L_5
    part: ALU_153_SLICE
    pins:
      A: net_a5
      B: net_b5
      C0: net_lgc0
      C1: net_lgc1
      C2: net_lgc2
      C3: net_lgc3
      G: pwr_gnd
      Y: net_y_logic5
  - ref: U_ALU_153_L_6
    part: ALU_153_SLICE
    pins:
      A: net_a6
      B: net_b6
      C0: net_lgc0
      C1: net_lgc1
      C2: net_lgc2
      C3: net_lgc3
      G: pwr_gnd
      Y: net_y_logic6
  - ref: U_ALU_153_L_7
    part: ALU_153_SLICE
    pins:
      A: net_a7
      B: net_b7
      C0: net_lgc0
      C1: net_lgc1
      C2: net_lgc2
      C3: net_lgc3
      G: pwr_gnd
      Y: net_y_logic7
  - ref: U_ALU_157_YBP_0
    part: 74HC157
    pins:
      1A: net_sum0
      1B: net_y_logic0
      1Y: net_y0
      2A: net_sum1
      2B: net_y_logic1
      2Y: net_y1
      3A: net_sum2
      3B: net_y_logic2
      3Y: net_y2
      4A: net_sum3
      4B: net_y_logic3
      4Y: net_y3
      S: net_y_mux_sel
      OE: pwr_gnd
      VCC: pwr_vcc
      GND: pwr_gnd
  - ref: U_ALU_157_YBP_1
    part: 74HC157
    pins:
      1A: net_sum4
      1B: net_y_logic4
      1Y: net_y4
      2A: net_sum5
      2B: net_y_logic5
      2Y: net_y5
      3A: net_sum6
      3B: net_y_logic6
      3Y: net_y6
      4A: net_sum7
      4B: net_y_logic7
      4Y: net_y7
      S: net_y_mux_sel
      OE: pwr_gnd
      VCC: pwr_vcc
      GND: pwr_gnd
  - ref: U_ALU_Y_MUX_SEL
    part: ALU_Y_MUX_SEL
    pins:
      S0: net_153_s0
      S1: net_153_s1
      SEL: net_y_mux_sel
  - ref: U_ALU_85_LO
    part: 74HC85
    pins:
      A0: net_a0
      B0: net_b0
      A1: net_a1
      B1: net_b1
      A2: net_a2
      B2: net_b2
      A3: net_a3
      B3: net_b3
      IAB_GT: pwr_gnd
      IAB_LT: pwr_gnd
      IAB_EQ: pwr_vcc
      OAB_GT: net_cmp_lo_gt
      OAB_LT: net_cmp_lo_lt
      OAB_EQ: net_cmp_lo_eq
      VCC: pwr_vcc
      GND: pwr_gnd
  - ref: U_ALU_85_HI
    part: 74HC85
    pins:
      A0: net_a4
      B0: net_b4
      A1: net_a5
      B1: net_b5
      A2: net_a6
      B2: net_b6
      A3: net_a7
      B3: net_b7
      IAB_GT: net_cmp_lo_gt
      IAB_LT: net_cmp_lo_lt
      IAB_EQ: net_cmp_lo_eq
      OAB_GT: net_cmp_hi_gt
      OAB_LT: net_cmp_hi_lt
      OAB_EQ: net_cmp_hi_eq
      VCC: pwr_vcc
      GND: pwr_gnd
  - ref: U_ALU_CMP_MERGE
    part: ALU_CMP_MERGE
    pins:
      LO_GT: net_cmp_lo_gt
      LO_LT: net_cmp_lo_lt
      LO_EQ: net_cmp_lo_eq
      HI_GT: net_cmp_hi_gt
      HI_LT: net_cmp_hi_lt
      HI_EQ: net_cmp_hi_eq
      Z: net_cmp_z
      C_GE: net_cmp_c_ge
  - ref: U_REG_574_ACC
    part: 74HC574
    pins:
      D0: net_y0
      Q0: net_q0
      D1: net_y1
      Q1: net_q1
      D2: net_y2
      Q2: net_q2
      D3: net_y3
      Q3: net_q3
      D4: net_y4
      Q4: net_q4
      D5: net_y5
      Q5: net_q5
      D6: net_y6
      Q6: net_q6
      D7: net_y7
      Q7: net_q7
      CP: net_clk2
      OE: pwr_gnd
      VCC: pwr_vcc
      GND: pwr_gnd
nets:
  - name: net_osc
    width: 1
    probes: [osc]
  - name: net_clk2
    width: 1
    probes: [clk2]
  - name: net_clk2_n
    width: 1
  - name: pwr_vcc
    width: 1
  - name: pwr_gnd
    width: 1
  - name: net_q0
    width: 1
    probes: [q0]
  - name: net_q1
    width: 1
  - name: net_q2
    width: 1
  - name: net_q3
    width: 1
  - name: net_q4
    width: 1
  - name: net_q5
    width: 1
  - name: net_q6
    width: 1
  - name: net_q7
    width: 1
    probes: [q7]

  - name: net_a0
    width: 1
  - name: net_b0
    width: 1
  - name: net_a1
    width: 1
  - name: net_b1
    width: 1
  - name: net_a2
    width: 1
  - name: net_b2
    width: 1
  - name: net_a3
    width: 1
  - name: net_b3
    width: 1
  - name: net_a4
    width: 1
  - name: net_b4
    width: 1
  - name: net_a5
    width: 1
  - name: net_b5
    width: 1
  - name: net_a6
    width: 1
  - name: net_b6
    width: 1
  - name: net_a7
    width: 1
  - name: net_b7
    width: 1
  - name: net_cin
    width: 1
  - name: net_153_s0
    width: 1
  - name: net_153_s1
    width: 1
  - name: net_b_sel
    width: 1
  - name: net_b_const_sel
    width: 1
  - name: net_lgc0
    width: 1
  - name: net_lgc1
    width: 1
  - name: net_lgc2
    width: 1
  - name: net_lgc3
    width: 1
  - name: net_y_mux_sel
    width: 1
  - name: net_cmp_lo_gt
    width: 1
  - name: net_cmp_lo_lt
    width: 1
  - name: net_cmp_lo_eq
    width: 1
  - name: net_cmp_hi_gt
    width: 1
  - name: net_cmp_hi_lt
    width: 1
  - name: net_cmp_hi_eq
    width: 1
  - name: net_cmp_z
    width: 1
    probes: [cmp_z]
  - name: net_cmp_c_ge
    width: 1
    probes: [cmp_c_ge]
  - name: net_b_inv0
    width: 1
  - name: net_b_add0
    width: 1
  - name: net_sum0
    width: 1
  - name: net_y_logic0
    width: 1
  - name: net_b_inv1
    width: 1
  - name: net_b_add1
    width: 1
  - name: net_sum1
    width: 1
  - name: net_y_logic1
    width: 1
  - name: net_b_inv2
    width: 1
  - name: net_b_add2
    width: 1
  - name: net_sum2
    width: 1
  - name: net_y_logic2
    width: 1
  - name: net_b_inv3
    width: 1
  - name: net_b_add3
    width: 1
  - name: net_sum3
    width: 1
  - name: net_y_logic3
    width: 1
  - name: net_b_inv4
    width: 1
  - name: net_b_add4
    width: 1
  - name: net_sum4
    width: 1
  - name: net_y_logic4
    width: 1
  - name: net_b_inv5
    width: 1
  - name: net_b_add5
    width: 1
  - name: net_sum5
    width: 1
  - name: net_y_logic5
    width: 1
  - name: net_b_inv6
    width: 1
  - name: net_b_add6
    width: 1
  - name: net_sum6
    width: 1
  - name: net_y_logic6
    width: 1
  - name: net_b_inv7
    width: 1
  - name: net_b_add7
    width: 1
  - name: net_sum7
    width: 1
  - name: net_y_logic7
    width: 1
  - name: net_y0
    width: 1
    probes: [y0]
  - name: net_y1
    width: 1
  - name: net_y2
    width: 1
  - name: net_y3
    width: 1
  - name: net_y4
    width: 1
  - name: net_y5
    width: 1
  - name: net_y6
    width: 1
  - name: net_y7
    width: 1
    probes: [y7]
  - name: net_c_lo
    width: 1
  - name: net_c_hi
    width: 1
    probes: [carry_hi]
    width: 1
    width: 1
